
Microsoft Visual Studio Solution File, Format Version 12.00
# Visual Studio 15
VisualStudioVersion = 15.0.26124.0
MinimumVisualStudioVersion = 15.0.26124.0
Project("{FAE04EC0-301F-11D3-BF4B-00C04F79EFBC}") = "API", "API\API.csproj", "{F875CC59-5D55-4DDC-9801-5FCA6F4304D0}"
EndProject
Project("{FAE04EC0-301F-11D3-BF4B-00C04F79EFBC}") = "Core", "Core\Core.csproj", "{A5C6898E-0417-4FA8-9448-2A3F69FAB637}"
EndProject
Project("{FAE04EC0-301F-11D3-BF4B-00C04F79EFBC}") = "Infrastructure", "Infrastructure\Infrastructure.csproj", "{A4CDF550-A550-4495-9C10-A1D91068A069}"
EndProject
Global
	GlobalSection(SolutionConfigurationPlatforms) = preSolution
		Debug|Any CPU = Debug|Any CPU
		Debug|x64 = Debug|x64
		Debug|x86 = Debug|x86
		Release|Any CPU = Release|Any CPU
		Release|x64 = Release|x64
		Release|x86 = Release|x86
	EndGlobalSection
	GlobalSection(SolutionProperties) = preSolution
		HideSolutionNode = FALSE
	EndGlobalSection
	GlobalSection(ProjectConfigurationPlatforms) = postSolution
		{F875CC59-5D55-4DDC-9801-5FCA6F4304D0}.Debug|Any CPU.ActiveCfg = Debug|Any CPU
		{F875CC59-5D55-4DDC-9801-5FCA6F4304D0}.Debug|Any CPU.Build.0 = Debug|Any CPU
		{F875CC59-5D55-4DDC-9801-5FCA6F4304D0}.Debug|x64.ActiveCfg = Debug|Any CPU
		{F875CC59-5D55-4DDC-9801-5FCA6F4304D0}.Debug|x64.Build.0 = Debug|Any CPU
		{F875CC59-5D55-4DDC-9801-5FCA6F4304D0}.Debug|x86.ActiveCfg = Debug|Any CPU
		{F875CC59-5D55-4DDC-9801-5FCA6F4304D0}.Debug|x86.Build.0 = Debug|Any CPU
		{F875CC59-5D55-4DDC-9801-5FCA6F4304D0}.Release|Any CPU.ActiveCfg = Release|Any CPU
		{F875CC59-5D55-4DDC-9801-5FCA6F4304D0}.Release|Any CPU.Build.0 = Release|Any CPU
		{F875CC59-5D55-4DDC-9801-5FCA6F4304D0}.Release|x64.ActiveCfg = Release|Any CPU
		{F875CC59-5D55-4DDC-9801-5FCA6F4304D0}.Release|x64.Build.0 = Release|Any CPU
		{F875CC59-5D55-4DDC-9801-5FCA6F4304D0}.Release|x86.ActiveCfg = Release|Any CPU
		{F875CC59-5D55-4DDC-9801-5FCA6F4304D0}.Release|x86.Build.0 = Release|Any CPU
		{A5C6898E-0417-4FA8-9448-2A3F69FAB637}.Debug|Any CPU.ActiveCfg = Debug|Any CPU
		{A5C6898E-0417-4FA8-9448-2A3F69FAB637}.Debug|Any CPU.Build.0 = Debug|Any CPU
		{A5C6898E-0417-4FA8-9448-2A3F69FAB637}.Debug|x64.ActiveCfg = Debug|Any CPU
		{A5C6898E-0417-4FA8-9448-2A3F69FAB637}.Debug|x64.Build.0 = Debug|Any CPU
		{A5C6898E-0417-4FA8-9448-2A3F69FAB637}.Debug|x86.ActiveCfg = Debug|Any CPU
		{A5C6898E-0417-4FA8-9448-2A3F69FAB637}.Debug|x86.Build.0 = Debug|Any CPU
		{A5C6898E-0417-4FA8-9448-2A3F69FAB637}.Release|Any CPU.ActiveCfg = Release|Any CPU
		{A5C6898E-0417-4FA8-9448-2A3F69FAB637}.Release|Any CPU.Build.0 = Release|Any CPU
		{A5C6898E-0417-4FA8-9448-2A3F69FAB637}.Release|x64.ActiveCfg = Release|Any CPU
		{A5C6898E-0417-4FA8-9448-2A3F69FAB637}.Release|x64.Build.0 = Release|Any CPU
		{A5C6898E-0417-4FA8-9448-2A3F69FAB637}.Release|x86.ActiveCfg = Release|Any CPU
		{A5C6898E-0417-4FA8-9448-2A3F69FAB637}.Release|x86.Build.0 = Release|Any CPU
		{A4CDF550-A550-4495-9C10-A1D91068A069}.Debug|Any CPU.ActiveCfg = Debug|Any CPU
		{A4CDF550-A550-4495-9C10-A1D91068A069}.Debug|Any CPU.Build.0 = Debug|Any CPU
		{A4CDF550-A550-4495-9C10-A1D91068A069}.Debug|x64.ActiveCfg = Debug|Any CPU
		{A4CDF550-A550-4495-9C10-A1D91068A069}.Debug|x64.Build.0 = Debug|Any CPU
		{A4CDF550-A550-4495-9C10-A1D91068A069}.Debug|x86.ActiveCfg = Debug|Any CPU
		{A4CDF550-A550-4495-9C10-A1D91068A069}.Debug|x86.Build.0 = Debug|Any CPU
		{A4CDF550-A550-4495-9C10-A1D91068A069}.Release|Any CPU.ActiveCfg = Release|Any CPU
		{A4CDF550-A550-4495-9C10-A1D91068A069}.Release|Any CPU.Build.0 = Release|Any CPU
		{A4CDF550-A550-4495-9C10-A1D91068A069}.Release|x64.ActiveCfg = Release|Any CPU
		{A4CDF550-A550-4495-9C10-A1D91068A069}.Release|x64.Build.0 = Release|Any CPU
		{A4CDF550-A550-4495-9C10-A1D91068A069}.Release|x86.ActiveCfg = Release|Any CPU
		{A4CDF550-A550-4495-9C10-A1D91068A069}.Release|x86.Build.0 = Release|Any CPU
	EndGlobalSection
EndGlobal
